// !$*UTF8*$!
{
	archiveVersion = 1;
	classes = {
	};
	objectVersion = 50;
	objects = {

/* Begin PBXBuildFile section */
		D1E75DDA26BFFF9800B77BBD /* AppDelegate.swift in Sources */ = {isa = PBXBuildFile; fileRef = D1E75DD926BFFF9800B77BBD /* AppDelegate.swift */; };
		D1E75DDC26BFFF9800B77BBD /* SceneDelegate.swift in Sources */ = {isa = PBXBuildFile; fileRef = D1E75DDB26BFFF9800B77BBD /* SceneDelegate.swift */; };
		D1E75DDE26BFFF9800B77BBD /* ViewController.swift in Sources */ = {isa = PBXBuildFile; fileRef = D1E75DDD26BFFF9800B77BBD /* ViewController.swift */; };
		D1E75DE126BFFF9800B77BBD /* Main.storyboard in Resources */ = {isa = PBXBuildFile; fileRef = D1E75DDF26BFFF9800B77BBD /* Main.storyboard */; };
		D1E75DE326BFFF9A00B77BBD /* Assets.xcassets in Resources */ = {isa = PBXBuildFile; fileRef = D1E75DE226BFFF9A00B77BBD /* Assets.xcassets */; };
		D1E75DE626BFFF9A00B77BBD /* LaunchScreen.storyboard in Resources */ = {isa = PBXBuildFile; fileRef = D1E75DE426BFFF9A00B77BBD /* LaunchScreen.storyboard */; };
		D1E75DEF26C0001200B77BBD /* BookTableViewCell.swift in Sources */ = {isa = PBXBuildFile; fileRef = D1E75DEE26C0001200B77BBD /* BookTableViewCell.swift */; };
/* End PBXBuildFile section */

/* Begin PBXFileReference section */
		D1E75DD626BFFF9800B77BBD /* DynamicTableviewCell.app */ = {isa = PBXFileReference; explicitFileType = wrapper.application; includeInIndex = 0; path = DynamicTableviewCell.app; sourceTree = BUILT_PRODUCTS_DIR; };
		D1E75DD926BFFF9800B77BBD /* AppDelegate.swift */ = {isa = PBXFileReference; lastKnownFileType = sourcecode.swift; path = AppDelegate.swift; sourceTree = "<group>"; };
		D1E75DDB26BFFF9800B77BBD /* SceneDelegate.swift */ = {isa = PBXFileReference; lastKnownFileType = sourcecode.swift; path = SceneDelegate.swift; sourceTree = "<group>"; };
		D1E75DDD26BFFF9800B77BBD /* ViewController.swift */ = {isa = PBXFileReference; lastKnownFileType = sourcecode.swift; path = ViewController.swift; sourceTree = "<group>"; };
		D1E75DE026BFFF9800B77BBD /* Base */ = {isa = PBXFileReference; lastKnownFileType = file.storyboard; name = Base; path = Base.lproj/Main.storyboard; sourceTree = "<group>"; };
		D1E75DE226BFFF9A00B77BBD /* Assets.xcassets */ = {isa = PBXFileReference; lastKnownFileType = folder.assetcatalog; path = Assets.xcassets; sourceTree = "<group>"; };
		D1E75DE526BFFF9A00B77BBD /* Base */ = {isa = PBXFileReference; lastKnownFileType = file.storyboard; name = Base; path = Base.lproj/LaunchScreen.storyboard; sourceTree = "<group>"; };
		D1E75DE726BFFF9A00B77BBD /* Info.plist */ = {isa = PBXFileReference; lastKnownFileType = text.plist.xml; path = Info.plist; sourceTree = "<group>"; };
		D1E75DEE26C0001200B77BBD /* BookTableViewCell.swift */ = {isa = PBXFileReference; lastKnownFileType = sourcecode.swift; path = BookTableViewCell.swift; sourceTree = "<group>"; };
/* End PBXFileReference section */

/* Begin PBXFrameworksBuildPhase section */
		D1E75DD326BFFF9800B77BBD /* Frameworks */ = {
			isa = PBXFrameworksBuildPhase;
			buildActionMask = 2147483647;
			files = (
			);
			runOnlyForDeploymentPostprocessing = 0;
		};
/* End PBXFrameworksBuildPhase section */

/* Begin PBXGroup section */
		D1E75DCD26BFFF9800B77BBD = {
			isa = PBXGroup;
			children = (
				D1E75DD826BFFF9800B77BBD /* DynamicTableviewCell */,
				D1E75DD726BFFF9800B77BBD /* Products */,
			);
			sourceTree = "<group>";
		};
		D1E75DD726BFFF9800B77BBD /* Products */ = {
			isa = PBXGroup;
			children = (
				D1E75DD626BFFF9800B77BBD /* DynamicTableviewCell.app */,
			);
			name = Products;
			sourceTree = "<group>";
		};
		D1E75DD826BFFF9800B77BBD /* DynamicTableviewCell */ = {
			isa = PBXGroup;
			children = (
				D1E75DD926BFFF9800B77BBD /* AppDelegate.swift */,
				D1E75DDB26BFFF9800B77BBD /* SceneDelegate.swift */,
				D1E75DDD26BFFF9800B77BBD /* ViewController.swift */,
				D1E75DDF26BFFF9800B77BBD /* Main.storyboard */,
				D1E75DE226BFFF9A00B77BBD /* Assets.xcassets */,
				D1E75DE426BFFF9A00B77BBD /* LaunchScreen.storyboard */,
				D1E75DE726BFFF9A00B77BBD /* Info.plist */,
				D1E75DEE26C0001200B77BBD /* BookTableViewCell.swift */,
			);
			path = DynamicTableviewCell;
			sourceTree = "<group>";
		};
/* End PBXGroup section */

/* Begin PBXNativeTarget section */
		D1E75DD526BFFF9800B77BBD /* DynamicTableviewCell */ = {
			isa = PBXNativeTarget;
			buildConfigurationList = D1E75DEA26BFFF9A00B77BBD /* Build configuration list for PBXNativeTarget "DynamicTableviewCell" */;
			buildPhases = (
				D1E75DD226BFFF9800B77BBD /* Sources */,
				D1E75DD326BFFF9800B77BBD /* Frameworks */,
				D1E75DD426BFFF9800B77BBD /* Resources */,
			);
			buildRules = (
			);
			dependencies = (
			);
			name = DynamicTableviewCell;
			productName = DynamicTableviewCell;
			productReference = D1E75DD626BFFF9800B77BBD /* DynamicTableviewCell.app */;
			productType = "com.apple.product-type.application";
		};
/* End PBXNativeTarget section */

/* Begin PBXProject section */
		D1E75DCE26BFFF9800B77BBD /* Project object */ = {
			isa = PBXProject;
			attributes = {
				LastSwiftUpdateCheck = 1240;
				LastUpgradeCheck = 1240;
				TargetAttributes = {
					D1E75DD526BFFF9800B77BBD = {
						CreatedOnToolsVersion = 12.4;
					};
				};
			};
			buildConfigurationList = D1E75DD126BFFF9800B77BBD /* Build configuration list for PBXProject "DynamicTableviewCell" */;
			compatibilityVersion = "Xcode 9.3";
			developmentRegion = en;
			hasScannedForEncodings = 0;
			knownRegions = (
				en,
				Base,
			);
			mainGroup = D1E75DCD26BFFF9800B77BBD;
			productRefGroup = D1E75DD726BFFF9800B77BBD /* Products */;
			projectDirPath = "";
			projectRoot = "";
			targets = (
				D1E75DD526BFFF9800B77BBD /* DynamicTableviewCell */,
			);
		};
/* End PBXProject section */

/* Begin PBXResourcesBuildPhase section */
		D1E75DD426BFFF9800B77BBD /* Resources */ = {
			isa = PBXResourcesBuildPhase;
			buildActionMask = 2147483647;
			files = (
				D1E75DE626BFFF9A00B77BBD /* LaunchScreen.storyboard in Resources */,
				D1E75DE326BFFF9A00B77BBD /* Assets.xcassets in Resources */,
				D1E75DE126BFFF9800B77BBD /* Main.storyboard in Resources */,
			);
			runOnlyForDeploymentPostprocessing = 0;
		};
/* End PBXResourcesBuildPhase section */

/* Begin PBXSourcesBuildPhase section */
		D1E75DD226BFFF9800B77BBD /* Sources */ = {
			isa = PBXSourcesBuildPhase;
			buildActionMask = 2147483647;
			files = (
				D1E75DEF26C0001200B77BBD /* BookTableViewCell.swift in Sources */,
				D1E75DDE26BFFF9800B77BBD /* ViewController.swift in Sources */,
				D1E75DDA26BFFF9800B77BBD /* AppDelegate.swift in Sources */,
				D1E75DDC26BFFF9800B77BBD /* SceneDelegate.swift in Sources */,
			);
			runOnlyForDeploymentPostprocessing = 0;
		};
/* End PBXSourcesBuildPhase section */

/* Begin PBXVariantGroup section */
		D1E75DDF26BFFF9800B77BBD /* Main.storyboard */ = {
			isa = PBXVariantGroup;
			children = (
				D1E75DE026BFFF9800B77BBD /* Base */,
			);
			name = Main.storyboard;
			sourceTree = "<group>";
		};
		D1E75DE426BFFF9A00B77BBD /* LaunchScreen.storyboard */ = {
			isa = PBXVariantGroup;
			children = (
				D1E75DE526BFFF9A00B77BBD /* Base */,
			);
			name = LaunchScreen.storyboard;
			sourceTree = "<group>";
		};
/* End PBXVariantGroup section */

/* Begin XCBuildConfiguration section */
		D1E75DE826BFFF9A00B77BBD /* Debug */ = {
			isa = XCBuildConfiguration;
			buildSettings = {
				ALWAYS_SEARCH_USER_PATHS = NO;
				CLANG_ANALYZER_NONNULL = YES;
				CLANG_ANALYZER_NUMBER_OBJECT_CONVERSION = YES_AGGRESSIVE;
				CLANG_CXX_LANGUAGE_STANDARD = "gnu++14";
				CLANG_CXX_LIBRARY = "libc++";
				CLANG_ENABLE_MODULES = YES;
				CLANG_ENABLE_OBJC_ARC = YES;
				CLANG_ENABLE_OBJC_WEAK = YES;
				CLANG_WARN_BLOCK_CAPTURE_AUTORELEASING = YES;
				CLANG_WARN_BOOL_CONVERSION = YES;
				CLANG_WARN_COMMA = YES;
				CLANG_WARN_CONSTANT_CONVERSION = YES;
				CLANG_WARN_DEPRECATED_OBJC_IMPLEMENTATIONS = YES;
				CLANG_WARN_DIRECT_OBJC_ISA_USAGE = YES_ERROR;
				CLANG_WARN_DOCUMENTATION_COMMENTS = YES;
				CLANG_WARN_EMPTY_BODY = YES;
				CLANG_WARN_ENUM_CONVERSION = YES;
				CLANG_WARN_INFINITE_RECURSION = YES;
				CLANG_WARN_INT_CONVERSION = YES;
				CLANG_WARN_NON_LITERAL_NULL_CONVERSION = YES;
				CLANG_WARN_OBJC_IMPLICIT_RETAIN_SELF = YES;
				CLANG_WARN_OBJC_LITERAL_CONVERSION = YES;
				CLANG_WARN_OBJC_ROOT_CLASS = YES_ERROR;
				CLANG_WARN_QUOTED_INCLUDE_IN_FRAMEWORK_HEADER = YES;
				CLANG_WARN_RANGE_LOOP_ANALYSIS = YES;
				CLANG_WARN_STRICT_PROTOTYPES = YES;
				CLANG_WARN_SUSPICIOUS_MOVE = YES;
				CLANG_WARN_UNGUARDED_AVAILABILITY = YES_AGGRESSIVE;
				CLANG_WARN_UNREACHABLE_CODE = YES;
				CLANG_WARN__DUPLICATE_METHOD_MATCH = YES;
				COPY_PHASE_STRIP = NO;
				DEBUG_INFORMATION_FORMAT = dwarf;
				ENABLE_STRICT_OBJC_MSGSEND = YES;
				ENABLE_TESTABILITY = YES;
				GCC_C_LANGUAGE_STANDARD = gnu11;
				GCC_DYNAMIC_NO_PIC = NO;
				GCC_NO_COMMON_BLOCKS = YES;
				GCC_OPTIMIZATION_LEVEL = 0;
				GCC_PREPROCESSOR_DEFINITIONS = (
					"DEBUG=1",
					"$(inherited)",
				);
				GCC_WARN_64_TO_32_BIT_CONVERSION = YES;
				GCC_WARN_ABOUT_RETURN_TYPE = YES_ERROR;
				GCC_WARN_UNDECLARED_SELECTOR = YES;
				GCC_WARN_UNINITIALIZED_AUTOS = YES_AGGRESSIVE;
				GCC_WARN_UNUSED_FUNCTION = YES;
				GCC_WARN_UNUSED_VARIABLE = YES;
				IPHONEOS_DEPLOYMENT_TARGET = 14.4;
				MTL_ENABLE_DEBUG_INFO = INCLUDE_SOURCE;
				MTL_FAST_MATH = YES;
				ONLY_ACTIVE_ARCH = YES;
				SDKROOT = iphoneos;
				SWIFT_ACTIVE_COMPILATION_CONDITIONS = DEBUG;
				SWIFT_OPTIMIZATION_LEVEL = "-Onone";
			};
			name = Debug;
		};
		D1E75DE926BFFF9A00B77BBD /* Release */ = {
			isa = XCBuildConfiguration;
			buildSettings = {
				ALWAYS_SEARCH_USER_PATHS = NO;
				CLANG_ANALYZER_NONNULL = YES;
				CLANG_ANALYZER_NUMBER_OBJECT_CONVERSION = YES_AGGRESSIVE;
				CLANG_CXX_LANGUAGE_STANDARD = "gnu++14";
				CLANG_CXX_LIBRARY = "libc++";
				CLANG_ENABLE_MODULES = YES;
				CLANG_ENABLE_OBJC_ARC = YES;
				CLANG_ENABLE_OBJC_WEAK = YES;
				CLANG_WARN_BLOCK_CAPTURE_AUTORELEASING = YES;
				CLANG_WARN_BOOL_CONVERSION = YES;
				CLANG_WARN_COMMA = YES;
				CLANG_WARN_CONSTANT_CONVERSION = YES;
				CLANG_WARN_DEPRECATED_OBJC_IMPLEMENTATIONS = YES;
				CLANG_WARN_DIRECT_OBJC_ISA_USAGE = YES_ERROR;
				CLANG_WARN_DOCUMENTATION_COMMENTS = YES;
				CLANG_WARN_EMPTY_BODY = YES;
				CLANG_WARN_ENUM_CONVERSION = YES;
				CLANG_WARN_INFINITE_RECURSION = YES;
				CLANG_WARN_INT_CONVERSION = YES;
				CLANG_WARN_NON_LITERAL_NULL_CONVERSION = YES;
				CLANG_WARN_OBJC_IMPLICIT_RETAIN_SELF = YES;
				CLANG_WARN_OBJC_LITERAL_CONVERSION = YES;
				CLANG_WARN_OBJC_ROOT_CLASS = YES_ERROR;
				CLANG_WARN_QUOTED_INCLUDE_IN_FRAMEWORK_HEADER = YES;
				CLANG_WARN_RANGE_LOOP_ANALYSIS = YES;
				CLANG_WARN_STRICT_PROTOTYPES = YES;
				CLANG_WARN_SUSPICIOUS_MOVE = YES;
				CLANG_WARN_UNGUARDED_AVAILABILITY = YES_AGGRESSIVE;
				CLANG_WARN_UNREACHABLE_CODE = YES;
				CLANG_WARN__DUPLICATE_METHOD_MATCH = YES;
				COPY_PHASE_STRIP = NO;
				DEBUG_INFORMATION_FORMAT = "dwarf-with-dsym";
				ENABLE_NS_ASSERTIONS = NO;
				ENABLE_STRICT_OBJC_MSGSEND = YES;
				GCC_C_LANGUAGE_STANDARD = gnu11;
				GCC_NO_COMMON_BLOCKS = YES;
				GCC_WARN_64_TO_32_BIT_CONVERSION = YES;
				GCC_WARN_ABOUT_RETURN_TYPE = YES_ERROR;
				GCC_WARN_UNDECLARED_SELECTOR = YES;
				GCC_WARN_UNINITIALIZED_AUTOS = YES_AGGRESSIVE;
				GCC_WARN_UNUSED_FUNCTION = YES;
				GCC_WARN_UNUSED_VARIABLE = YES;
				IPHONEOS_DEPLOYMENT_TARGET = 14.4;
				MTL_ENABLE_DEBUG_INFO = NO;
				MTL_FAST_MATH = YES;
				SDKROOT = iphoneos;
				SWIFT_COMPILATION_MODE = wholemodule;
				SWIFT_OPTIMIZATION_LEVEL = "-O";
				VALIDATE_PRODUCT = YES;
			};
			name = Release;
		};
		D1E75DEB26BFFF9A00B77BBD /* Debug */ = {
			isa = XCBuildConfiguration;
			buildSettings = {
				ASSETCATALOG_COMPILER_APPICON_NAME = AppIcon;
				ASSETCATALOG_COMPILER_GLOBAL_ACCENT_COLOR_NAME = AccentColor;
				CODE_SIGN_STYLE = Automatic;
				INFOPLIST_FILE = DynamicTableviewCell/Info.plist;
				LD_RUNPATH_SEARCH_PATHS = (
					"$(inherited)",
					"@executable_path/Frameworks",
				);
				PRODUCT_BUNDLE_IDENTIFIER = sametyatmaz.com.DynamicTableviewCell;
				PRODUCT_NAME = "$(TARGET_NAME)";
				SWIFT_VERSION = 5.0;
				TARGETED_DEVICE_FAMILY = "1,2";
			};
			name = Debug;
		};
		D1E75DEC26BFFF9A00B77BBD /* Release */ = {
			isa = XCBuildConfiguration;
			buildSettings = {
				ASSETCATALOG_COMPILER_APPICON_NAME = AppIcon;
				ASSETCATALOG_COMPILER_GLOBAL_ACCENT_COLOR_NAME = AccentColor;
				CODE_SIGN_STYLE = Automatic;
				INFOPLIST_FILE = DynamicTableviewCell/Info.plist;
				LD_RUNPATH_SEARCH_PATHS = (
					"$(inherited)",
					"@executable_path/Frameworks",
				);
				PRODUCT_BUNDLE_IDENTIFIER = sametyatmaz.com.DynamicTableviewCell;
				PRODUCT_NAME = "$(TARGET_NAME)";
				SWIFT_VERSION = 5.0;
				TARGETED_DEVICE_FAMILY = "1,2";
			};
			name = Release;
		};
/* End XCBuildConfiguration section */

/* Begin XCConfigurationList section */
		D1E75DD126BFFF9800B77BBD /* Build configuration list for PBXProject "DynamicTableviewCell" */ = {
			isa = XCConfigurationList;
			buildConfigurations = (
				D1E75DE826BFFF9A00B77BBD /* Debug */,
				D1E75DE926BFFF9A00B77BBD /* Release */,
			);
			defaultConfigurationIsVisible = 0;
			defaultConfigurationName = Release;
		};
		D1E75DEA26BFFF9A00B77BBD /* Build configuration list for PBXNativeTarget "DynamicTableviewCell" */ = {
			isa = XCConfigurationList;
			buildConfigurations = (
				D1E75DEB26BFFF9A00B77BBD /* Debug */,
				D1E75DEC26BFFF9A00B77BBD /* Release */,
			);
			defaultConfigurationIsVisible = 0;
			defaultConfigurationName = Release;
		};
/* End XCConfigurationList section */
	};
	rootObject = D1E75DCE26BFFF9800B77BBD /* Project object */;
}
